// !$*UTF8*$!
{
	archiveVersion = 1;
	classes = {
	};
	objectVersion = 48;
	objects = {

/* Begin PBXBuildFile section */
		957214951FD99EBE006194E7 /* AppDelegate.swift in Sources */ = {isa = PBXBuildFile; fileRef = 957214941FD99EBE006194E7 /* AppDelegate.swift */; };
		957214971FD99EBE006194E7 /* ViewController.swift in Sources */ = {isa = PBXBuildFile; fileRef = 957214961FD99EBE006194E7 /* ViewController.swift */; };
		9572149A1FD99EBE006194E7 /* Main.storyboard in Resources */ = {isa = PBXBuildFile; fileRef = 957214981FD99EBE006194E7 /* Main.storyboard */; };
		9572149C1FD99EBE006194E7 /* Assets.xcassets in Resources */ = {isa = PBXBuildFile; fileRef = 9572149B1FD99EBE006194E7 /* Assets.xcassets */; };
		9572149F1FD99EBE006194E7 /* LaunchScreen.storyboard in Resources */ = {isa = PBXBuildFile; fileRef = 9572149D1FD99EBE006194E7 /* LaunchScreen.storyboard */; };
		957214AA1FD99EBE006194E7 /* GitHubTests.swift in Sources */ = {isa = PBXBuildFile; fileRef = 957214A91FD99EBE006194E7 /* GitHubTests.swift */; };
		957214B51FD99EBE006194E7 /* GitHubUITests.swift in Sources */ = {isa = PBXBuildFile; fileRef = 957214B41FD99EBE006194E7 /* GitHubUITests.swift */; };
/* End PBXBuildFile section */

/* Begin PBXContainerItemProxy section */
		957214A61FD99EBE006194E7 /* PBXContainerItemProxy */ = {
			isa = PBXContainerItemProxy;
			containerPortal = 957214891FD99EBE006194E7 /* Project object */;
			proxyType = 1;
			remoteGlobalIDString = 957214901FD99EBE006194E7;
			remoteInfo = GitHub;
		};
		957214B11FD99EBE006194E7 /* PBXContainerItemProxy */ = {
			isa = PBXContainerItemProxy;
			containerPortal = 957214891FD99EBE006194E7 /* Project object */;
			proxyType = 1;
			remoteGlobalIDString = 957214901FD99EBE006194E7;
			remoteInfo = GitHub;
		};
/* End PBXContainerItemProxy section */

/* Begin PBXFileReference section */
		957214911FD99EBE006194E7 /* GitHub.app */ = {isa = PBXFileReference; explicitFileType = wrapper.application; includeInIndex = 0; path = GitHub.app; sourceTree = BUILT_PRODUCTS_DIR; };
		957214941FD99EBE006194E7 /* AppDelegate.swift */ = {isa = PBXFileReference; lastKnownFileType = sourcecode.swift; path = AppDelegate.swift; sourceTree = "<group>"; };
		957214961FD99EBE006194E7 /* ViewController.swift */ = {isa = PBXFileReference; lastKnownFileType = sourcecode.swift; path = ViewController.swift; sourceTree = "<group>"; };
		957214991FD99EBE006194E7 /* Base */ = {isa = PBXFileReference; lastKnownFileType = file.storyboard; name = Base; path = Base.lproj/Main.storyboard; sourceTree = "<group>"; };
		9572149B1FD99EBE006194E7 /* Assets.xcassets */ = {isa = PBXFileReference; lastKnownFileType = folder.assetcatalog; path = Assets.xcassets; sourceTree = "<group>"; };
		9572149E1FD99EBE006194E7 /* Base */ = {isa = PBXFileReference; lastKnownFileType = file.storyboard; name = Base; path = Base.lproj/LaunchScreen.storyboard; sourceTree = "<group>"; };
		957214A01FD99EBE006194E7 /* Info.plist */ = {isa = PBXFileReference; lastKnownFileType = text.plist.xml; path = Info.plist; sourceTree = "<group>"; };
		957214A51FD99EBE006194E7 /* GitHubTests.xctest */ = {isa = PBXFileReference; explicitFileType = wrapper.cfbundle; includeInIndex = 0; path = GitHubTests.xctest; sourceTree = BUILT_PRODUCTS_DIR; };
		957214A91FD99EBE006194E7 /* GitHubTests.swift */ = {isa = PBXFileReference; lastKnownFileType = sourcecode.swift; path = GitHubTests.swift; sourceTree = "<group>"; };
		957214AB1FD99EBE006194E7 /* Info.plist */ = {isa = PBXFileReference; lastKnownFileType = text.plist.xml; path = Info.plist; sourceTree = "<group>"; };
		957214B01FD99EBE006194E7 /* GitHubUITests.xctest */ = {isa = PBXFileReference; explicitFileType = wrapper.cfbundle; includeInIndex = 0; path = GitHubUITests.xctest; sourceTree = BUILT_PRODUCTS_DIR; };
		957214B41FD99EBE006194E7 /* GitHubUITests.swift */ = {isa = PBXFileReference; lastKnownFileType = sourcecode.swift; path = GitHubUITests.swift; sourceTree = "<group>"; };
		957214B61FD99EBE006194E7 /* Info.plist */ = {isa = PBXFileReference; lastKnownFileType = text.plist.xml; path = Info.plist; sourceTree = "<group>"; };
/* End PBXFileReference section */

/* Begin PBXFrameworksBuildPhase section */
		9572148E1FD99EBE006194E7 /* Frameworks */ = {
			isa = PBXFrameworksBuildPhase;
			buildActionMask = 2147483647;
			files = (
			);
			runOnlyForDeploymentPostprocessing = 0;
		};
		957214A21FD99EBE006194E7 /* Frameworks */ = {
			isa = PBXFrameworksBuildPhase;
			buildActionMask = 2147483647;
			files = (
			);
			runOnlyForDeploymentPostprocessing = 0;
		};
		957214AD1FD99EBE006194E7 /* Frameworks */ = {
			isa = PBXFrameworksBuildPhase;
			buildActionMask = 2147483647;
			files = (
			);
			runOnlyForDeploymentPostprocessing = 0;
		};
/* End PBXFrameworksBuildPhase section */

/* Begin PBXGroup section */
		957214881FD99EBE006194E7 = {
			isa = PBXGroup;
			children = (
				957214931FD99EBE006194E7 /* GitHub */,
				957214A81FD99EBE006194E7 /* GitHubTests */,
				957214B31FD99EBE006194E7 /* GitHubUITests */,
				957214921FD99EBE006194E7 /* Products */,
			);
			sourceTree = "<group>";
		};
		957214921FD99EBE006194E7 /* Products */ = {
			isa = PBXGroup;
			children = (
				957214911FD99EBE006194E7 /* GitHub.app */,
				957214A51FD99EBE006194E7 /* GitHubTests.xctest */,
				957214B01FD99EBE006194E7 /* GitHubUITests.xctest */,
			);
			name = Products;
			sourceTree = "<group>";
		};
		957214931FD99EBE006194E7 /* GitHub */ = {
			isa = PBXGroup;
			children = (
				957214941FD99EBE006194E7 /* AppDelegate.swift */,
				957214961FD99EBE006194E7 /* ViewController.swift */,
				957214981FD99EBE006194E7 /* Main.storyboard */,
				9572149B1FD99EBE006194E7 /* Assets.xcassets */,
				9572149D1FD99EBE006194E7 /* LaunchScreen.storyboard */,
				957214A01FD99EBE006194E7 /* Info.plist */,
			);
			path = GitHub;
			sourceTree = "<group>";
		};
		957214A81FD99EBE006194E7 /* GitHubTests */ = {
			isa = PBXGroup;
			children = (
				957214A91FD99EBE006194E7 /* GitHubTests.swift */,
				957214AB1FD99EBE006194E7 /* Info.plist */,
			);
			path = GitHubTests;
			sourceTree = "<group>";
		};
		957214B31FD99EBE006194E7 /* GitHubUITests */ = {
			isa = PBXGroup;
			children = (
				957214B41FD99EBE006194E7 /* GitHubUITests.swift */,
				957214B61FD99EBE006194E7 /* Info.plist */,
			);
			path = GitHubUITests;
			sourceTree = "<group>";
		};
/* End PBXGroup section */

/* Begin PBXNativeTarget section */
		957214901FD99EBE006194E7 /* GitHub */ = {
			isa = PBXNativeTarget;
			buildConfigurationList = 957214B91FD99EBE006194E7 /* Build configuration list for PBXNativeTarget "GitHub" */;
			buildPhases = (
				9572148D1FD99EBE006194E7 /* Sources */,
				9572148E1FD99EBE006194E7 /* Frameworks */,
				9572148F1FD99EBE006194E7 /* Resources */,
			);
			buildRules = (
			);
			dependencies = (
			);
			name = GitHub;
			productName = GitHub;
			productReference = 957214911FD99EBE006194E7 /* GitHub.app */;
			productType = "com.apple.product-type.application";
		};
		957214A41FD99EBE006194E7 /* GitHubTests */ = {
			isa = PBXNativeTarget;
			buildConfigurationList = 957214BC1FD99EBE006194E7 /* Build configuration list for PBXNativeTarget "GitHubTests" */;
			buildPhases = (
				957214A11FD99EBE006194E7 /* Sources */,
				957214A21FD99EBE006194E7 /* Frameworks */,
				957214A31FD99EBE006194E7 /* Resources */,
			);
			buildRules = (
			);
			dependencies = (
				957214A71FD99EBE006194E7 /* PBXTargetDependency */,
			);
			name = GitHubTests;
			productName = GitHubTests;
			productReference = 957214A51FD99EBE006194E7 /* GitHubTests.xctest */;
			productType = "com.apple.product-type.bundle.unit-test";
		};
		957214AF1FD99EBE006194E7 /* GitHubUITests */ = {
			isa = PBXNativeTarget;
			buildConfigurationList = 957214BF1FD99EBE006194E7 /* Build configuration list for PBXNativeTarget "GitHubUITests" */;
			buildPhases = (
				957214AC1FD99EBE006194E7 /* Sources */,
				957214AD1FD99EBE006194E7 /* Frameworks */,
				957214AE1FD99EBE006194E7 /* Resources */,
			);
			buildRules = (
			);
			dependencies = (
				957214B21FD99EBE006194E7 /* PBXTargetDependency */,
			);
			name = GitHubUITests;
			productName = GitHubUITests;
			productReference = 957214B01FD99EBE006194E7 /* GitHubUITests.xctest */;
			productType = "com.apple.product-type.bundle.ui-testing";
		};
/* End PBXNativeTarget section */

/* Begin PBXProject section */
		957214891FD99EBE006194E7 /* Project object */ = {
			isa = PBXProject;
			attributes = {
				LastSwiftUpdateCheck = 0910;
				LastUpgradeCheck = 0910;
				ORGANIZATIONNAME = "Anna Grazia Cervo";
				TargetAttributes = {
					957214901FD99EBE006194E7 = {
						CreatedOnToolsVersion = 9.1;
						ProvisioningStyle = Automatic;
					};
					957214A41FD99EBE006194E7 = {
						CreatedOnToolsVersion = 9.1;
						ProvisioningStyle = Automatic;
						TestTargetID = 957214901FD99EBE006194E7;
					};
					957214AF1FD99EBE006194E7 = {
						CreatedOnToolsVersion = 9.1;
						ProvisioningStyle = Automatic;
						TestTargetID = 957214901FD99EBE006194E7;
					};
				};
			};
			buildConfigurationList = 9572148C1FD99EBE006194E7 /* Build configuration list for PBXProject "GitHub" */;
			compatibilityVersion = "Xcode 8.0";
			developmentRegion = en;
			hasScannedForEncodings = 0;
			knownRegions = (
				en,
				Base,
			);
			mainGroup = 957214881FD99EBE006194E7;
			productRefGroup = 957214921FD99EBE006194E7 /* Products */;
			projectDirPath = "";
			projectRoot = "";
			targets = (
				957214901FD99EBE006194E7 /* GitHub */,
				957214A41FD99EBE006194E7 /* GitHubTests */,
				957214AF1FD99EBE006194E7 /* GitHubUITests */,
			);
		};
/* End PBXProject section */

/* Begin PBXResourcesBuildPhase section */
		9572148F1FD99EBE006194E7 /* Resources */ = {
			isa = PBXResourcesBuildPhase;
			buildActionMask = 2147483647;
			files = (
				9572149F1FD99EBE006194E7 /* LaunchScreen.storyboard in Resources */,
				9572149C1FD99EBE006194E7 /* Assets.xcassets in Resources */,
				9572149A1FD99EBE006194E7 /* Main.storyboard in Resources */,
			);
			runOnlyForDeploymentPostprocessing = 0;
		};
		957214A31FD99EBE006194E7 /* Resources */ = {
			isa = PBXResourcesBuildPhase;
			buildActionMask = 2147483647;
			files = (
			);
			runOnlyForDeploymentPostprocessing = 0;
		};
		957214AE1FD99EBE006194E7 /* Resources */ = {
			isa = PBXResourcesBuildPhase;
			buildActionMask = 2147483647;
			files = (
			);
			runOnlyForDeploymentPostprocessing = 0;
		};
/* End PBXResourcesBuildPhase section */

/* Begin PBXSourcesBuildPhase section */
		9572148D1FD99EBE006194E7 /* Sources */ = {
			isa = PBXSourcesBuildPhase;
			buildActionMask = 2147483647;
			files = (
				957214971FD99EBE006194E7 /* ViewController.swift in Sources */,
				957214951FD99EBE006194E7 /* AppDelegate.swift in Sources */,
			);
			runOnlyForDeploymentPostprocessing = 0;
		};
		957214A11FD99EBE006194E7 /* Sources */ = {
			isa = PBXSourcesBuildPhase;
			buildActionMask = 2147483647;
			files = (
				957214AA1FD99EBE006194E7 /* GitHubTests.swift in Sources */,
			);
			runOnlyForDeploymentPostprocessing = 0;
		};
		957214AC1FD99EBE006194E7 /* Sources */ = {
			isa = PBXSourcesBuildPhase;
			buildActionMask = 2147483647;
			files = (
				957214B51FD99EBE006194E7 /* GitHubUITests.swift in Sources */,
			);
			runOnlyForDeploymentPostprocessing = 0;
		};
/* End PBXSourcesBuildPhase section */

/* Begin PBXTargetDependency section */
		957214A71FD99EBE006194E7 /* PBXTargetDependency */ = {
			isa = PBXTargetDependency;
			target = 957214901FD99EBE006194E7 /* GitHub */;
			targetProxy = 957214A61FD99EBE006194E7 /* PBXContainerItemProxy */;
		};
		957214B21FD99EBE006194E7 /* PBXTargetDependency */ = {
			isa = PBXTargetDependency;
			target = 957214901FD99EBE006194E7 /* GitHub */;
			targetProxy = 957214B11FD99EBE006194E7 /* PBXContainerItemProxy */;
		};
/* End PBXTargetDependency section */

/* Begin PBXVariantGroup section */
		957214981FD99EBE006194E7 /* Main.storyboard */ = {
			isa = PBXVariantGroup;
			children = (
				957214991FD99EBE006194E7 /* Base */,
			);
			name = Main.storyboard;
			sourceTree = "<group>";
		};
		9572149D1FD99EBE006194E7 /* LaunchScreen.storyboard */ = {
			isa = PBXVariantGroup;
			children = (
				9572149E1FD99EBE006194E7 /* Base */,
			);
			name = LaunchScreen.storyboard;
			sourceTree = "<group>";
		};
/* End PBXVariantGroup section */

/* Begin XCBuildConfiguration section */
		957214B71FD99EBE006194E7 /* Debug */ = {
			isa = XCBuildConfiguration;
			buildSettings = {
				ALWAYS_SEARCH_USER_PATHS = NO;
				CLANG_ANALYZER_NONNULL = YES;
				CLANG_ANALYZER_NUMBER_OBJECT_CONVERSION = YES_AGGRESSIVE;
				CLANG_CXX_LANGUAGE_STANDARD = "gnu++14";
				CLANG_CXX_LIBRARY = "libc++";
				CLANG_ENABLE_MODULES = YES;
				CLANG_ENABLE_OBJC_ARC = YES;
				CLANG_WARN_BLOCK_CAPTURE_AUTORELEASING = YES;
				CLANG_WARN_BOOL_CONVERSION = YES;
				CLANG_WARN_COMMA = YES;
				CLANG_WARN_CONSTANT_CONVERSION = YES;
				CLANG_WARN_DIRECT_OBJC_ISA_USAGE = YES_ERROR;
				CLANG_WARN_DOCUMENTATION_COMMENTS = YES;
				CLANG_WARN_EMPTY_BODY = YES;
				CLANG_WARN_ENUM_CONVERSION = YES;
				CLANG_WARN_INFINITE_RECURSION = YES;
				CLANG_WARN_INT_CONVERSION = YES;
				CLANG_WARN_NON_LITERAL_NULL_CONVERSION = YES;
				CLANG_WARN_OBJC_LITERAL_CONVERSION = YES;
				CLANG_WARN_OBJC_ROOT_CLASS = YES_ERROR;
				CLANG_WARN_RANGE_LOOP_ANALYSIS = YES;
				CLANG_WARN_STRICT_PROTOTYPES = YES;
				CLANG_WARN_SUSPICIOUS_MOVE = YES;
				CLANG_WARN_UNGUARDED_AVAILABILITY = YES_AGGRESSIVE;
				CLANG_WARN_UNREACHABLE_CODE = YES;
				CLANG_WARN__DUPLICATE_METHOD_MATCH = YES;
				CODE_SIGN_IDENTITY = "iPhone Developer";
				COPY_PHASE_STRIP = NO;
				DEBUG_INFORMATION_FORMAT = dwarf;
				ENABLE_STRICT_OBJC_MSGSEND = YES;
				ENABLE_TESTABILITY = YES;
				GCC_C_LANGUAGE_STANDARD = gnu11;
				GCC_DYNAMIC_NO_PIC = NO;
				GCC_NO_COMMON_BLOCKS = YES;
				GCC_OPTIMIZATION_LEVEL = 0;
				GCC_PREPROCESSOR_DEFINITIONS = (
					"DEBUG=1",
					"$(inherited)",
				);
				GCC_WARN_64_TO_32_BIT_CONVERSION = YES;
				GCC_WARN_ABOUT_RETURN_TYPE = YES_ERROR;
				GCC_WARN_UNDECLARED_SELECTOR = YES;
				GCC_WARN_UNINITIALIZED_AUTOS = YES_AGGRESSIVE;
				GCC_WARN_UNUSED_FUNCTION = YES;
				GCC_WARN_UNUSED_VARIABLE = YES;
				IPHONEOS_DEPLOYMENT_TARGET = 11.1;
				MTL_ENABLE_DEBUG_INFO = YES;
				ONLY_ACTIVE_ARCH = YES;
				SDKROOT = iphoneos;
				SWIFT_ACTIVE_COMPILATION_CONDITIONS = DEBUG;
				SWIFT_OPTIMIZATION_LEVEL = "-Onone";
			};
			name = Debug;
		};
		957214B81FD99EBE006194E7 /* Release */ = {
			isa = XCBuildConfiguration;
			buildSettings = {
				ALWAYS_SEARCH_USER_PATHS = NO;
				CLANG_ANALYZER_NONNULL = YES;
				CLANG_ANALYZER_NUMBER_OBJECT_CONVERSION = YES_AGGRESSIVE;
				CLANG_CXX_LANGUAGE_STANDARD = "gnu++14";
				CLANG_CXX_LIBRARY = "libc++";
				CLANG_ENABLE_MODULES = YES;
				CLANG_ENABLE_OBJC_ARC = YES;
				CLANG_WARN_BLOCK_CAPTURE_AUTORELEASING = YES;
				CLANG_WARN_BOOL_CONVERSION = YES;
				CLANG_WARN_COMMA = YES;
				CLANG_WARN_CONSTANT_CONVERSION = YES;
				CLANG_WARN_DIRECT_OBJC_ISA_USAGE = YES_ERROR;
				CLANG_WARN_DOCUMENTATION_COMMENTS = YES;
				CLANG_WARN_EMPTY_BODY = YES;
				CLANG_WARN_ENUM_CONVERSION = YES;
				CLANG_WARN_INFINITE_RECURSION = YES;
				CLANG_WARN_INT_CONVERSION = YES;
				CLANG_WARN_NON_LITERAL_NULL_CONVERSION = YES;
				CLANG_WARN_OBJC_LITERAL_CONVERSION = YES;
				CLANG_WARN_OBJC_ROOT_CLASS = YES_ERROR;
				CLANG_WARN_RANGE_LOOP_ANALYSIS = YES;
				CLANG_WARN_STRICT_PROTOTYPES = YES;
				CLANG_WARN_SUSPICIOUS_MOVE = YES;
				CLANG_WARN_UNGUARDED_AVAILABILITY = YES_AGGRESSIVE;
				CLANG_WARN_UNREACHABLE_CODE = YES;
				CLANG_WARN__DUPLICATE_METHOD_MATCH = YES;
				CODE_SIGN_IDENTITY = "iPhone Developer";
				COPY_PHASE_STRIP = NO;
				DEBUG_INFORMATION_FORMAT = "dwarf-with-dsym";
				ENABLE_NS_ASSERTIONS = NO;
				ENABLE_STRICT_OBJC_MSGSEND = YES;
				GCC_C_LANGUAGE_STANDARD = gnu11;
				GCC_NO_COMMON_BLOCKS = YES;
				GCC_WARN_64_TO_32_BIT_CONVERSION = YES;
				GCC_WARN_ABOUT_RETURN_TYPE = YES_ERROR;
				GCC_WARN_UNDECLARED_SELECTOR = YES;
				GCC_WARN_UNINITIALIZED_AUTOS = YES_AGGRESSIVE;
				GCC_WARN_UNUSED_FUNCTION = YES;
				GCC_WARN_UNUSED_VARIABLE = YES;
				IPHONEOS_DEPLOYMENT_TARGET = 11.1;
				MTL_ENABLE_DEBUG_INFO = NO;
				SDKROOT = iphoneos;
				SWIFT_OPTIMIZATION_LEVEL = "-Owholemodule";
				VALIDATE_PRODUCT = YES;
			};
			name = Release;
		};
		957214BA1FD99EBE006194E7 /* Debug */ = {
			isa = XCBuildConfiguration;
			buildSettings = {
				ASSETCATALOG_COMPILER_APPICON_NAME = AppIcon;
				CODE_SIGN_STYLE = Automatic;
				INFOPLIST_FILE = GitHub/Info.plist;
				LD_RUNPATH_SEARCH_PATHS = "$(inherited) @executable_path/Frameworks";
				PRODUCT_BUNDLE_IDENTIFIER = iosda.org.GitHub;
				PRODUCT_NAME = "$(TARGET_NAME)";
				SWIFT_VERSION = 4.0;
				TARGETED_DEVICE_FAMILY = "1,2";
			};
			name = Debug;
		};
		957214BB1FD99EBE006194E7 /* Release */ = {
			isa = XCBuildConfiguration;
			buildSettings = {
				ASSETCATALOG_COMPILER_APPICON_NAME = AppIcon;
				CODE_SIGN_STYLE = Automatic;
				INFOPLIST_FILE = GitHub/Info.plist;
				LD_RUNPATH_SEARCH_PATHS = "$(inherited) @executable_path/Frameworks";
				PRODUCT_BUNDLE_IDENTIFIER = iosda.org.GitHub;
				PRODUCT_NAME = "$(TARGET_NAME)";
				SWIFT_VERSION = 4.0;
				TARGETED_DEVICE_FAMILY = "1,2";
			};
			name = Release;
		};
		957214BD1FD99EBE006194E7 /* Debug */ = {
			isa = XCBuildConfiguration;
			buildSettings = {
				ALWAYS_EMBED_SWIFT_STANDARD_LIBRARIES = YES;
				BUNDLE_LOADER = "$(TEST_HOST)";
				CODE_SIGN_STYLE = Automatic;
				INFOPLIST_FILE = GitHubTests/Info.plist;
				LD_RUNPATH_SEARCH_PATHS = "$(inherited) @executable_path/Frameworks @loader_path/Frameworks";
				PRODUCT_BUNDLE_IDENTIFIER = iosda.org.GitHubTests;
				PRODUCT_NAME = "$(TARGET_NAME)";
				SWIFT_VERSION = 4.0;
				TARGETED_DEVICE_FAMILY = "1,2";
				TEST_HOST = "$(BUILT_PRODUCTS_DIR)/GitHub.app/GitHub";
			};
			name = Debug;
		};
		957214BE1FD99EBE006194E7 /* Release */ = {
			isa = XCBuildConfiguration;
			buildSettings = {
				ALWAYS_EMBED_SWIFT_STANDARD_LIBRARIES = YES;
				BUNDLE_LOADER = "$(TEST_HOST)";
				CODE_SIGN_STYLE = Automatic;
				INFOPLIST_FILE = GitHubTests/Info.plist;
				LD_RUNPATH_SEARCH_PATHS = "$(inherited) @executable_path/Frameworks @loader_path/Frameworks";
				PRODUCT_BUNDLE_IDENTIFIER = iosda.org.GitHubTests;
				PRODUCT_NAME = "$(TARGET_NAME)";
				SWIFT_VERSION = 4.0;
				TARGETED_DEVICE_FAMILY = "1,2";
				TEST_HOST = "$(BUILT_PRODUCTS_DIR)/GitHub.app/GitHub";
			};
			name = Release;
		};
		957214C01FD99EBE006194E7 /* Debug */ = {
			isa = XCBuildConfiguration;
			buildSettings = {
				ALWAYS_EMBED_SWIFT_STANDARD_LIBRARIES = YES;
				CODE_SIGN_STYLE = Automatic;
				INFOPLIST_FILE = GitHubUITests/Info.plist;
				LD_RUNPATH_SEARCH_PATHS = "$(inherited) @executable_path/Frameworks @loader_path/Frameworks";
				PRODUCT_BUNDLE_IDENTIFIER = iosda.org.GitHubUITests;
				PRODUCT_NAME = "$(TARGET_NAME)";
				SWIFT_VERSION = 4.0;
				TARGETED_DEVICE_FAMILY = "1,2";
				TEST_TARGET_NAME = GitHub;
			};
			name = Debug;
		};
		957214C11FD99EBE006194E7 /* Release */ = {
			isa = XCBuildConfiguration;
			buildSettings = {
				ALWAYS_EMBED_SWIFT_STANDARD_LIBRARIES = YES;
				CODE_SIGN_STYLE = Automatic;
				INFOPLIST_FILE = GitHubUITests/Info.plist;
				LD_RUNPATH_SEARCH_PATHS = "$(inherited) @executable_path/Frameworks @loader_path/Frameworks";
				PRODUCT_BUNDLE_IDENTIFIER = iosda.org.GitHubUITests;
				PRODUCT_NAME = "$(TARGET_NAME)";
				SWIFT_VERSION = 4.0;
				TARGETED_DEVICE_FAMILY = "1,2";
				TEST_TARGET_NAME = GitHub;
			};
			name = Release;
		};
/* End XCBuildConfiguration section */

/* Begin XCConfigurationList section */
		9572148C1FD99EBE006194E7 /* Build configuration list for PBXProject "GitHub" */ = {
			isa = XCConfigurationList;
			buildConfigurations = (
				957214B71FD99EBE006194E7 /* Debug */,
				957214B81FD99EBE006194E7 /* Release */,
			);
			defaultConfigurationIsVisible = 0;
			defaultConfigurationName = Release;
		};
		957214B91FD99EBE006194E7 /* Build configuration list for PBXNativeTarget "GitHub" */ = {
			isa = XCConfigurationList;
			buildConfigurations = (
				957214BA1FD99EBE006194E7 /* Debug */,
				957214BB1FD99EBE006194E7 /* Release */,
			);
			defaultConfigurationIsVisible = 0;
			defaultConfigurationName = Release;
		};
		957214BC1FD99EBE006194E7 /* Build configuration list for PBXNativeTarget "GitHubTests" */ = {
			isa = XCConfigurationList;
			buildConfigurations = (
				957214BD1FD99EBE006194E7 /* Debug */,
				957214BE1FD99EBE006194E7 /* Release */,
			);
			defaultConfigurationIsVisible = 0;
			defaultConfigurationName = Release;
		};
		957214BF1FD99EBE006194E7 /* Build configuration list for PBXNativeTarget "GitHubUITests" */ = {
			isa = XCConfigurationList;
			buildConfigurations = (
				957214C01FD99EBE006194E7 /* Debug */,
				957214C11FD99EBE006194E7 /* Release */,
			);
			defaultConfigurationIsVisible = 0;
			defaultConfigurationName = Release;
		};
/* End XCConfigurationList section */
	};
	rootObject = 957214891FD99EBE006194E7 /* Project object */;
}
